
Microsoft Visual Studio Solution File, Format Version 12.00
# Visual Studio 15
VisualStudioVersion = 15.0.28307.168
MinimumVisualStudioVersion = 10.0.40219.1
Project("{9A19103F-16F7-4668-BE54-9A1E7A4F7556}") = "WebApiExample", "WebApiExample\WebApiExample.csproj", "{962B7937-E4F2-4ED2-A99A-29B8636CF124}"
EndProject
Project("{9A19103F-16F7-4668-BE54-9A1E7A4F7556}") = "DataAccess", "DataAccess\DataAccess.csproj", "{73B6EBFA-1623-458A-8254-203EB11349C0}"
EndProject
Project("{9A19103F-16F7-4668-BE54-9A1E7A4F7556}") = "Models", "Models\Models.csproj", "{AAFD4990-10B2-4E1D-829F-C63B477225F4}"
EndProject
Project("{FAE04EC0-301F-11D3-BF4B-00C04F79EFBC}") = "Services", "Services\Services.csproj", "{772B806D-B7B0-4E26-A07D-8D268AC26D2C}"
EndProject
Global
	GlobalSection(SolutionConfigurationPlatforms) = preSolution
		Debug|Any CPU = Debug|Any CPU
		Release|Any CPU = Release|Any CPU
	EndGlobalSection
	GlobalSection(ProjectConfigurationPlatforms) = postSolution
		{962B7937-E4F2-4ED2-A99A-29B8636CF124}.Debug|Any CPU.ActiveCfg = Debug|Any CPU
		{962B7937-E4F2-4ED2-A99A-29B8636CF124}.Debug|Any CPU.Build.0 = Debug|Any CPU
		{962B7937-E4F2-4ED2-A99A-29B8636CF124}.Release|Any CPU.ActiveCfg = Release|Any CPU
		{962B7937-E4F2-4ED2-A99A-29B8636CF124}.Release|Any CPU.Build.0 = Release|Any CPU
		{73B6EBFA-1623-458A-8254-203EB11349C0}.Debug|Any CPU.ActiveCfg = Debug|Any CPU
		{73B6EBFA-1623-458A-8254-203EB11349C0}.Debug|Any CPU.Build.0 = Debug|Any CPU
		{73B6EBFA-1623-458A-8254-203EB11349C0}.Release|Any CPU.ActiveCfg = Release|Any CPU
		{73B6EBFA-1623-458A-8254-203EB11349C0}.Release|Any CPU.Build.0 = Release|Any CPU
		{AAFD4990-10B2-4E1D-829F-C63B477225F4}.Debug|Any CPU.ActiveCfg = Debug|Any CPU
		{AAFD4990-10B2-4E1D-829F-C63B477225F4}.Debug|Any CPU.Build.0 = Debug|Any CPU
		{AAFD4990-10B2-4E1D-829F-C63B477225F4}.Release|Any CPU.ActiveCfg = Release|Any CPU
		{AAFD4990-10B2-4E1D-829F-C63B477225F4}.Release|Any CPU.Build.0 = Release|Any CPU
		{772B806D-B7B0-4E26-A07D-8D268AC26D2C}.Debug|Any CPU.ActiveCfg = Debug|Any CPU
		{772B806D-B7B0-4E26-A07D-8D268AC26D2C}.Debug|Any CPU.Build.0 = Debug|Any CPU
		{772B806D-B7B0-4E26-A07D-8D268AC26D2C}.Release|Any CPU.ActiveCfg = Release|Any CPU
		{772B806D-B7B0-4E26-A07D-8D268AC26D2C}.Release|Any CPU.Build.0 = Release|Any CPU
	EndGlobalSection
	GlobalSection(SolutionProperties) = preSolution
		HideSolutionNode = FALSE
	EndGlobalSection
	GlobalSection(ExtensibilityGlobals) = postSolution
		SolutionGuid = {6F4FE12D-67B7-46AD-A2B7-33FE8E40DAAD}
	EndGlobalSection
EndGlobal
